// !$*UTF8*$!
{
	archiveVersion = 1;
	classes = {
	};
	objectVersion = 46;
	objects = {

/* Begin PBXBuildFile section */
		4BF15EEA69FFA83D84B5B25B /* libPods-INCHAlbum.a in Frameworks */ = {isa = PBXBuildFile; fileRef = 489C403725F2DFA4FB7D41E1 /* libPods-INCHAlbum.a */; };
		C31B23461DC0035D009D29BF /* main.m in Sources */ = {isa = PBXBuildFile; fileRef = C31B23451DC0035D009D29BF /* main.m */; };
		C31B23491DC0035E009D29BF /* AppDelegate.m in Sources */ = {isa = PBXBuildFile; fileRef = C31B23481DC0035E009D29BF /* AppDelegate.m */; };
		C31B234C1DC0035E009D29BF /* ViewController.m in Sources */ = {isa = PBXBuildFile; fileRef = C31B234B1DC0035E009D29BF /* ViewController.m */; };
		C31B234F1DC0035E009D29BF /* Main.storyboard in Resources */ = {isa = PBXBuildFile; fileRef = C31B234D1DC0035E009D29BF /* Main.storyboard */; };
		C31B23511DC0035E009D29BF /* Assets.xcassets in Resources */ = {isa = PBXBuildFile; fileRef = C31B23501DC0035E009D29BF /* Assets.xcassets */; };
		C31B23541DC0035E009D29BF /* LaunchScreen.storyboard in Resources */ = {isa = PBXBuildFile; fileRef = C31B23521DC0035E009D29BF /* LaunchScreen.storyboard */; };
		C31B235E1DC007C9009D29BF /* 天使_5.jpg in Resources */ = {isa = PBXBuildFile; fileRef = C31B235D1DC007C9009D29BF /* 天使_5.jpg */; };
/* End PBXBuildFile section */

/* Begin PBXFileReference section */
		3525F4E66D9163B1997193C0 /* Pods-INCHAlbum.release.xcconfig */ = {isa = PBXFileReference; includeInIndex = 1; lastKnownFileType = text.xcconfig; name = "Pods-INCHAlbum.release.xcconfig"; path = "Pods/Target Support Files/Pods-INCHAlbum/Pods-INCHAlbum.release.xcconfig"; sourceTree = "<group>"; };
		489C403725F2DFA4FB7D41E1 /* libPods-INCHAlbum.a */ = {isa = PBXFileReference; explicitFileType = archive.ar; includeInIndex = 0; path = "libPods-INCHAlbum.a"; sourceTree = BUILT_PRODUCTS_DIR; };
		C31B23411DC0035D009D29BF /* INCHAlbum.app */ = {isa = PBXFileReference; explicitFileType = wrapper.application; includeInIndex = 0; path = INCHAlbum.app; sourceTree = BUILT_PRODUCTS_DIR; };
		C31B23451DC0035D009D29BF /* main.m */ = {isa = PBXFileReference; lastKnownFileType = sourcecode.c.objc; path = main.m; sourceTree = "<group>"; };
		C31B23471DC0035D009D29BF /* AppDelegate.h */ = {isa = PBXFileReference; lastKnownFileType = sourcecode.c.h; path = AppDelegate.h; sourceTree = "<group>"; };
		C31B23481DC0035E009D29BF /* AppDelegate.m */ = {isa = PBXFileReference; lastKnownFileType = sourcecode.c.objc; path = AppDelegate.m; sourceTree = "<group>"; };
		C31B234A1DC0035E009D29BF /* ViewController.h */ = {isa = PBXFileReference; lastKnownFileType = sourcecode.c.h; path = ViewController.h; sourceTree = "<group>"; };
		C31B234B1DC0035E009D29BF /* ViewController.m */ = {isa = PBXFileReference; lastKnownFileType = sourcecode.c.objc; path = ViewController.m; sourceTree = "<group>"; };
		C31B234E1DC0035E009D29BF /* Base */ = {isa = PBXFileReference; lastKnownFileType = file.storyboard; name = Base; path = Base.lproj/Main.storyboard; sourceTree = "<group>"; };
		C31B23501DC0035E009D29BF /* Assets.xcassets */ = {isa = PBXFileReference; lastKnownFileType = folder.assetcatalog; path = Assets.xcassets; sourceTree = "<group>"; };
		C31B23531DC0035E009D29BF /* Base */ = {isa = PBXFileReference; lastKnownFileType = file.storyboard; name = Base; path = Base.lproj/LaunchScreen.storyboard; sourceTree = "<group>"; };
		C31B23551DC0035E009D29BF /* Info.plist */ = {isa = PBXFileReference; lastKnownFileType = text.plist.xml; path = Info.plist; sourceTree = "<group>"; };
		C31B235D1DC007C9009D29BF /* 天使_5.jpg */ = {isa = PBXFileReference; lastKnownFileType = image.jpeg; path = "天使_5.jpg"; sourceTree = "<group>"; };
		E9E6C6139C894B279D42EEEE /* Pods-INCHAlbum.debug.xcconfig */ = {isa = PBXFileReference; includeInIndex = 1; lastKnownFileType = text.xcconfig; name = "Pods-INCHAlbum.debug.xcconfig"; path = "Pods/Target Support Files/Pods-INCHAlbum/Pods-INCHAlbum.debug.xcconfig"; sourceTree = "<group>"; };
/* End PBXFileReference section */

/* Begin PBXFrameworksBuildPhase section */
		C31B233E1DC0035D009D29BF /* Frameworks */ = {
			isa = PBXFrameworksBuildPhase;
			buildActionMask = 2147483647;
			files = (
				4BF15EEA69FFA83D84B5B25B /* libPods-INCHAlbum.a in Frameworks */,
			);
			runOnlyForDeploymentPostprocessing = 0;
		};
/* End PBXFrameworksBuildPhase section */

/* Begin PBXGroup section */
		17D5C08D9D228143FA981C14 /* Pods */ = {
			isa = PBXGroup;
			children = (
				E9E6C6139C894B279D42EEEE /* Pods-INCHAlbum.debug.xcconfig */,
				3525F4E66D9163B1997193C0 /* Pods-INCHAlbum.release.xcconfig */,
			);
			name = Pods;
			sourceTree = "<group>";
		};
		80A8B8BF8E170272A925D6C2 /* Frameworks */ = {
			isa = PBXGroup;
			children = (
				489C403725F2DFA4FB7D41E1 /* libPods-INCHAlbum.a */,
			);
			name = Frameworks;
			sourceTree = "<group>";
		};
		C31B23381DC0035D009D29BF = {
			isa = PBXGroup;
			children = (
				C31B23431DC0035D009D29BF /* INCHAlbum */,
				C31B23421DC0035D009D29BF /* Products */,
				17D5C08D9D228143FA981C14 /* Pods */,
				80A8B8BF8E170272A925D6C2 /* Frameworks */,
			);
			sourceTree = "<group>";
		};
		C31B23421DC0035D009D29BF /* Products */ = {
			isa = PBXGroup;
			children = (
				C31B23411DC0035D009D29BF /* INCHAlbum.app */,
			);
			name = Products;
			sourceTree = "<group>";
		};
		C31B23431DC0035D009D29BF /* INCHAlbum */ = {
			isa = PBXGroup;
			children = (
				C31B23471DC0035D009D29BF /* AppDelegate.h */,
				C31B23481DC0035E009D29BF /* AppDelegate.m */,
				C31B234A1DC0035E009D29BF /* ViewController.h */,
				C31B234B1DC0035E009D29BF /* ViewController.m */,
				C31B234D1DC0035E009D29BF /* Main.storyboard */,
				C31B23501DC0035E009D29BF /* Assets.xcassets */,
				C31B23521DC0035E009D29BF /* LaunchScreen.storyboard */,
				C31B23551DC0035E009D29BF /* Info.plist */,
				C31B23441DC0035D009D29BF /* Supporting Files */,
			);
			path = INCHAlbum;
			sourceTree = "<group>";
		};
		C31B23441DC0035D009D29BF /* Supporting Files */ = {
			isa = PBXGroup;
			children = (
				C31B23451DC0035D009D29BF /* main.m */,
				C31B235D1DC007C9009D29BF /* 天使_5.jpg */,
			);
			name = "Supporting Files";
			sourceTree = "<group>";
		};
/* End PBXGroup section */

/* Begin PBXNativeTarget section */
		C31B23401DC0035D009D29BF /* INCHAlbum */ = {
			isa = PBXNativeTarget;
			buildConfigurationList = C31B23581DC0035E009D29BF /* Build configuration list for PBXNativeTarget "INCHAlbum" */;
			buildPhases = (
				30ECFB4414B05EBCEBFD048B /* [CP] Check Pods Manifest.lock */,
				C31B233D1DC0035D009D29BF /* Sources */,
				C31B233E1DC0035D009D29BF /* Frameworks */,
				C31B233F1DC0035D009D29BF /* Resources */,
				1C096429CF9F9C0C89FFCC65 /* [CP] Embed Pods Frameworks */,
				C2B05E2EF41890AB14225422 /* [CP] Copy Pods Resources */,
			);
			buildRules = (
			);
			dependencies = (
			);
			name = INCHAlbum;
			productName = INCHAlbum;
			productReference = C31B23411DC0035D009D29BF /* INCHAlbum.app */;
			productType = "com.apple.product-type.application";
		};
/* End PBXNativeTarget section */

/* Begin PBXProject section */
		C31B23391DC0035D009D29BF /* Project object */ = {
			isa = PBXProject;
			attributes = {
				LastUpgradeCheck = 0800;
				ORGANIZATIONNAME = "Yazhong Luo";
				TargetAttributes = {
					C31B23401DC0035D009D29BF = {
						CreatedOnToolsVersion = 8.0;
						DevelopmentTeam = 6N5G84BXLR;
						ProvisioningStyle = Automatic;
					};
				};
			};
			buildConfigurationList = C31B233C1DC0035D009D29BF /* Build configuration list for PBXProject "INCHAlbum" */;
			compatibilityVersion = "Xcode 3.2";
			developmentRegion = English;
			hasScannedForEncodings = 0;
			knownRegions = (
				en,
				Base,
			);
			mainGroup = C31B23381DC0035D009D29BF;
			productRefGroup = C31B23421DC0035D009D29BF /* Products */;
			projectDirPath = "";
			projectRoot = "";
			targets = (
				C31B23401DC0035D009D29BF /* INCHAlbum */,
			);
		};
/* End PBXProject section */

/* Begin PBXResourcesBuildPhase section */
		C31B233F1DC0035D009D29BF /* Resources */ = {
			isa = PBXResourcesBuildPhase;
			buildActionMask = 2147483647;
			files = (
				C31B23541DC0035E009D29BF /* LaunchScreen.storyboard in Resources */,
				C31B23511DC0035E009D29BF /* Assets.xcassets in Resources */,
				C31B234F1DC0035E009D29BF /* Main.storyboard in Resources */,
				C31B235E1DC007C9009D29BF /* 天使_5.jpg in Resources */,
			);
			runOnlyForDeploymentPostprocessing = 0;
		};
/* End PBXResourcesBuildPhase section */

/* Begin PBXShellScriptBuildPhase section */
		1C096429CF9F9C0C89FFCC65 /* [CP] Embed Pods Frameworks */ = {
			isa = PBXShellScriptBuildPhase;
			buildActionMask = 2147483647;
			files = (
			);
			inputPaths = (
			);
			name = "[CP] Embed Pods Frameworks";
			outputPaths = (
			);
			runOnlyForDeploymentPostprocessing = 0;
			shellPath = /bin/sh;
			shellScript = "\"${SRCROOT}/Pods/Target Support Files/Pods-INCHAlbum/Pods-INCHAlbum-frameworks.sh\"\n";
			showEnvVarsInLog = 0;
		};
		30ECFB4414B05EBCEBFD048B /* [CP] Check Pods Manifest.lock */ = {
			isa = PBXShellScriptBuildPhase;
			buildActionMask = 2147483647;
			files = (
			);
			inputPaths = (
			);
			name = "[CP] Check Pods Manifest.lock";
			outputPaths = (
			);
			runOnlyForDeploymentPostprocessing = 0;
			shellPath = /bin/sh;
			shellScript = "diff \"${PODS_ROOT}/../Podfile.lock\" \"${PODS_ROOT}/Manifest.lock\" > /dev/null\nif [ $? != 0 ] ; then\n    # print error to STDERR\n    echo \"error: The sandbox is not in sync with the Podfile.lock. Run 'pod install' or update your CocoaPods installation.\" >&2\n    exit 1\nfi\n";
			showEnvVarsInLog = 0;
		};
		C2B05E2EF41890AB14225422 /* [CP] Copy Pods Resources */ = {
			isa = PBXShellScriptBuildPhase;
			buildActionMask = 2147483647;
			files = (
			);
			inputPaths = (
			);
			name = "[CP] Copy Pods Resources";
			outputPaths = (
			);
			runOnlyForDeploymentPostprocessing = 0;
			shellPath = /bin/sh;
			shellScript = "\"${SRCROOT}/Pods/Target Support Files/Pods-INCHAlbum/Pods-INCHAlbum-resources.sh\"\n";
			showEnvVarsInLog = 0;
		};
/* End PBXShellScriptBuildPhase section */

/* Begin PBXSourcesBuildPhase section */
		C31B233D1DC0035D009D29BF /* Sources */ = {
			isa = PBXSourcesBuildPhase;
			buildActionMask = 2147483647;
			files = (
				C31B234C1DC0035E009D29BF /* ViewController.m in Sources */,
				C31B23491DC0035E009D29BF /* AppDelegate.m in Sources */,
				C31B23461DC0035D009D29BF /* main.m in Sources */,
			);
			runOnlyForDeploymentPostprocessing = 0;
		};
/* End PBXSourcesBuildPhase section */

/* Begin PBXVariantGroup section */
		C31B234D1DC0035E009D29BF /* Main.storyboard */ = {
			isa = PBXVariantGroup;
			children = (
				C31B234E1DC0035E009D29BF /* Base */,
			);
			name = Main.storyboard;
			sourceTree = "<group>";
		};
		C31B23521DC0035E009D29BF /* LaunchScreen.storyboard */ = {
			isa = PBXVariantGroup;
			children = (
				C31B23531DC0035E009D29BF /* Base */,
			);
			name = LaunchScreen.storyboard;
			sourceTree = "<group>";
		};
/* End PBXVariantGroup section */

/* Begin XCBuildConfiguration section */
		C31B23561DC0035E009D29BF /* Debug */ = {
			isa = XCBuildConfiguration;
			buildSettings = {
				ALWAYS_SEARCH_USER_PATHS = NO;
				CLANG_ANALYZER_NONNULL = YES;
				CLANG_CXX_LANGUAGE_STANDARD = "gnu++0x";
				CLANG_CXX_LIBRARY = "libc++";
				CLANG_ENABLE_MODULES = YES;
				CLANG_ENABLE_OBJC_ARC = YES;
				CLANG_WARN_BOOL_CONVERSION = YES;
				CLANG_WARN_CONSTANT_CONVERSION = YES;
				CLANG_WARN_DIRECT_OBJC_ISA_USAGE = YES_ERROR;
				CLANG_WARN_DOCUMENTATION_COMMENTS = YES;
				CLANG_WARN_EMPTY_BODY = YES;
				CLANG_WARN_ENUM_CONVERSION = YES;
				CLANG_WARN_INFINITE_RECURSION = YES;
				CLANG_WARN_INT_CONVERSION = YES;
				CLANG_WARN_OBJC_ROOT_CLASS = YES_ERROR;
				CLANG_WARN_SUSPICIOUS_MOVES = YES;
				CLANG_WARN_UNREACHABLE_CODE = YES;
				CLANG_WARN__DUPLICATE_METHOD_MATCH = YES;
				"CODE_SIGN_IDENTITY[sdk=iphoneos*]" = "iPhone Developer";
				COPY_PHASE_STRIP = NO;
				DEBUG_INFORMATION_FORMAT = dwarf;
				ENABLE_STRICT_OBJC_MSGSEND = YES;
				ENABLE_TESTABILITY = YES;
				GCC_C_LANGUAGE_STANDARD = gnu99;
				GCC_DYNAMIC_NO_PIC = NO;
				GCC_NO_COMMON_BLOCKS = YES;
				GCC_OPTIMIZATION_LEVEL = 0;
				GCC_PREPROCESSOR_DEFINITIONS = (
					"DEBUG=1",
					"$(inherited)",
				);
				GCC_WARN_64_TO_32_BIT_CONVERSION = YES;
				GCC_WARN_ABOUT_RETURN_TYPE = YES_ERROR;
				GCC_WARN_UNDECLARED_SELECTOR = YES;
				GCC_WARN_UNINITIALIZED_AUTOS = YES_AGGRESSIVE;
				GCC_WARN_UNUSED_FUNCTION = YES;
				GCC_WARN_UNUSED_VARIABLE = YES;
				IPHONEOS_DEPLOYMENT_TARGET = 10.0;
				MTL_ENABLE_DEBUG_INFO = YES;
				ONLY_ACTIVE_ARCH = YES;
				SDKROOT = iphoneos;
				TARGETED_DEVICE_FAMILY = "1,2";
			};
			name = Debug;
		};
		C31B23571DC0035E009D29BF /* Release */ = {
			isa = XCBuildConfiguration;
			buildSettings = {
				ALWAYS_SEARCH_USER_PATHS = NO;
				CLANG_ANALYZER_NONNULL = YES;
				CLANG_CXX_LANGUAGE_STANDARD = "gnu++0x";
				CLANG_CXX_LIBRARY = "libc++";
				CLANG_ENABLE_MODULES = YES;
				CLANG_ENABLE_OBJC_ARC = YES;
				CLANG_WARN_BOOL_CONVERSION = YES;
				CLANG_WARN_CONSTANT_CONVERSION = YES;
				CLANG_WARN_DIRECT_OBJC_ISA_USAGE = YES_ERROR;
				CLANG_WARN_DOCUMENTATION_COMMENTS = YES;
				CLANG_WARN_EMPTY_BODY = YES;
				CLANG_WARN_ENUM_CONVERSION = YES;
				CLANG_WARN_INFINITE_RECURSION = YES;
				CLANG_WARN_INT_CONVERSION = YES;
				CLANG_WARN_OBJC_ROOT_CLASS = YES_ERROR;
				CLANG_WARN_SUSPICIOUS_MOVES = YES;
				CLANG_WARN_UNREACHABLE_CODE = YES;
				CLANG_WARN__DUPLICATE_METHOD_MATCH = YES;
				"CODE_SIGN_IDENTITY[sdk=iphoneos*]" = "iPhone Developer";
				COPY_PHASE_STRIP = NO;
				DEBUG_INFORMATION_FORMAT = "dwarf-with-dsym";
				ENABLE_NS_ASSERTIONS = NO;
				ENABLE_STRICT_OBJC_MSGSEND = YES;
				GCC_C_LANGUAGE_STANDARD = gnu99;
				GCC_NO_COMMON_BLOCKS = YES;
				GCC_WARN_64_TO_32_BIT_CONVERSION = YES;
				GCC_WARN_ABOUT_RETURN_TYPE = YES_ERROR;
				GCC_WARN_UNDECLARED_SELECTOR = YES;
				GCC_WARN_UNINITIALIZED_AUTOS = YES_AGGRESSIVE;
				GCC_WARN_UNUSED_FUNCTION = YES;
				GCC_WARN_UNUSED_VARIABLE = YES;
				IPHONEOS_DEPLOYMENT_TARGET = 10.0;
				MTL_ENABLE_DEBUG_INFO = NO;
				SDKROOT = iphoneos;
				TARGETED_DEVICE_FAMILY = "1,2";
				VALIDATE_PRODUCT = YES;
			};
			name = Release;
		};
		C31B23591DC0035E009D29BF /* Debug */ = {
			isa = XCBuildConfiguration;
			baseConfigurationReference = E9E6C6139C894B279D42EEEE /* Pods-INCHAlbum.debug.xcconfig */;
			buildSettings = {
				ASSETCATALOG_COMPILER_APPICON_NAME = AppIcon;
				DEVELOPMENT_TEAM = 6N5G84BXLR;
				INFOPLIST_FILE = INCHAlbum/Info.plist;
				LD_RUNPATH_SEARCH_PATHS = "$(inherited) @executable_path/Frameworks";
				PRODUCT_BUNDLE_IDENTIFIER = INCH.INCHAlbum;
				PRODUCT_NAME = "$(TARGET_NAME)";
			};
			name = Debug;
		};
		C31B235A1DC0035E009D29BF /* Release */ = {
			isa = XCBuildConfiguration;
			baseConfigurationReference = 3525F4E66D9163B1997193C0 /* Pods-INCHAlbum.release.xcconfig */;
			buildSettings = {
				ASSETCATALOG_COMPILER_APPICON_NAME = AppIcon;
				DEVELOPMENT_TEAM = 6N5G84BXLR;
				INFOPLIST_FILE = INCHAlbum/Info.plist;
				LD_RUNPATH_SEARCH_PATHS = "$(inherited) @executable_path/Frameworks";
				PRODUCT_BUNDLE_IDENTIFIER = INCH.INCHAlbum;
				PRODUCT_NAME = "$(TARGET_NAME)";
			};
			name = Release;
		};
/* End XCBuildConfiguration section */

/* Begin XCConfigurationList section */
		C31B233C1DC0035D009D29BF /* Build configuration list for PBXProject "INCHAlbum" */ = {
			isa = XCConfigurationList;
			buildConfigurations = (
				C31B23561DC0035E009D29BF /* Debug */,
				C31B23571DC0035E009D29BF /* Release */,
			);
			defaultConfigurationIsVisible = 0;
			defaultConfigurationName = Release;
		};
		C31B23581DC0035E009D29BF /* Build configuration list for PBXNativeTarget "INCHAlbum" */ = {
			isa = XCConfigurationList;
			buildConfigurations = (
				C31B23591DC0035E009D29BF /* Debug */,
				C31B235A1DC0035E009D29BF /* Release */,
			);
			defaultConfigurationIsVisible = 0;
			defaultConfigurationName = Release;
		};
/* End XCConfigurationList section */
	};
	rootObject = C31B23391DC0035D009D29BF /* Project object */;
}
